// !$*UTF8*$!
{
	archiveVersion = 1;
	classes = {
	};
	objectVersion = 46;
	objects = {

/* Begin PBXBuildFile section */
		860982E11CB13B0700D35DA5 /* main.m in Sources */ = {isa = PBXBuildFile; fileRef = 860982E01CB13B0700D35DA5 /* main.m */; };
		860982E41CB13B0700D35DA5 /* AppDelegate.m in Sources */ = {isa = PBXBuildFile; fileRef = 860982E31CB13B0700D35DA5 /* AppDelegate.m */; };
		860982EA1CB13B0700D35DA5 /* Main.storyboard in Resources */ = {isa = PBXBuildFile; fileRef = 860982E81CB13B0700D35DA5 /* Main.storyboard */; };
		860982EC1CB13B0700D35DA5 /* Assets.xcassets in Resources */ = {isa = PBXBuildFile; fileRef = 860982EB1CB13B0700D35DA5 /* Assets.xcassets */; };
		860982EF1CB13B0700D35DA5 /* LaunchScreen.storyboard in Resources */ = {isa = PBXBuildFile; fileRef = 860982ED1CB13B0700D35DA5 /* LaunchScreen.storyboard */; };
		860982FA1CB13B0700D35DA5 /* GooglyPuffTests.m in Sources */ = {isa = PBXBuildFile; fileRef = 860982F91CB13B0700D35DA5 /* GooglyPuffTests.m */; };
		860983051CB13B0700D35DA5 /* GooglyPuffUITests.m in Sources */ = {isa = PBXBuildFile; fileRef = 860983041CB13B0700D35DA5 /* GooglyPuffUITests.m */; };
		860983181CB13BA400D35DA5 /* PhotoManager.m in Sources */ = {isa = PBXBuildFile; fileRef = 860983151CB13BA400D35DA5 /* PhotoManager.m */; };
		860983191CB13BA400D35DA5 /* Photo.m in Sources */ = {isa = PBXBuildFile; fileRef = 860983171CB13BA400D35DA5 /* Photo.m */; };
		8609831E1CB13BCA00D35DA5 /* PhotoCollectionViewController.m in Sources */ = {isa = PBXBuildFile; fileRef = 8609831B1CB13BCA00D35DA5 /* PhotoCollectionViewController.m */; };
		8609831F1CB13BCA00D35DA5 /* PhotoDetailViewController.m in Sources */ = {isa = PBXBuildFile; fileRef = 8609831D1CB13BCA00D35DA5 /* PhotoDetailViewController.m */; };
		860983281CB13C6B00D35DA5 /* photoDownloadError.png in Resources */ = {isa = PBXBuildFile; fileRef = 860983201CB13C6B00D35DA5 /* photoDownloadError.png */; };
		860983291CB13C6B00D35DA5 /* photoDownloading.png in Resources */ = {isa = PBXBuildFile; fileRef = 860983211CB13C6B00D35DA5 /* photoDownloading.png */; };
		8609832A1CB13C6B00D35DA5 /* background.png in Resources */ = {isa = PBXBuildFile; fileRef = 860983221CB13C6B00D35DA5 /* background.png */; };
		8609832B1CB13C6B00D35DA5 /* background@2x.png in Resources */ = {isa = PBXBuildFile; fileRef = 860983231CB13C6B00D35DA5 /* background@2x.png */; };
		8609832C1CB13C6B00D35DA5 /* background@2x~ipad.png in Resources */ = {isa = PBXBuildFile; fileRef = 860983241CB13C6B00D35DA5 /* background@2x~ipad.png */; };
		8609832D1CB13C6B00D35DA5 /* background~ipad.png in Resources */ = {isa = PBXBuildFile; fileRef = 860983251CB13C6B00D35DA5 /* background~ipad.png */; };
		8609832E1CB13C6B00D35DA5 /* Utils.m in Sources */ = {isa = PBXBuildFile; fileRef = 860983271CB13C6B00D35DA5 /* Utils.m */; };
		868894681CB2678C001F5D7E /* ELCAlbumPickerController.m in Sources */ = {isa = PBXBuildFile; fileRef = 868894571CB2678C001F5D7E /* ELCAlbumPickerController.m */; };
		868894691CB2678C001F5D7E /* ELCAsset.m in Sources */ = {isa = PBXBuildFile; fileRef = 868894591CB2678C001F5D7E /* ELCAsset.m */; };
		8688946A1CB2678C001F5D7E /* ELCAssetCell.m in Sources */ = {isa = PBXBuildFile; fileRef = 8688945B1CB2678C001F5D7E /* ELCAssetCell.m */; };
		8688946B1CB2678C001F5D7E /* ELCAssetTablePicker.m in Sources */ = {isa = PBXBuildFile; fileRef = 8688945F1CB2678C001F5D7E /* ELCAssetTablePicker.m */; };
		8688946C1CB2678C001F5D7E /* ELCImagePickerController.m in Sources */ = {isa = PBXBuildFile; fileRef = 868894611CB2678C001F5D7E /* ELCImagePickerController.m */; };
		8688946D1CB2678C001F5D7E /* ELCAlbumPickerController.xib in Resources */ = {isa = PBXBuildFile; fileRef = 868894631CB2678C001F5D7E /* ELCAlbumPickerController.xib */; };
		8688946E1CB2678C001F5D7E /* ELCAssetPicker.xib in Resources */ = {isa = PBXBuildFile; fileRef = 868894641CB2678C001F5D7E /* ELCAssetPicker.xib */; };
		8688946F1CB2678C001F5D7E /* ELCAssetTablePicker.xib in Resources */ = {isa = PBXBuildFile; fileRef = 868894651CB2678C001F5D7E /* ELCAssetTablePicker.xib */; };
		868894701CB2678C001F5D7E /* Overlay.png in Resources */ = {isa = PBXBuildFile; fileRef = 868894661CB2678C001F5D7E /* Overlay.png */; };
		868894711CB2678C001F5D7E /* Overlay@2x.png in Resources */ = {isa = PBXBuildFile; fileRef = 868894671CB2678C001F5D7E /* Overlay@2x.png */; };
		868894791CB267F5001F5D7E /* UIImage+Alpha.m in Sources */ = {isa = PBXBuildFile; fileRef = 868894741CB267F5001F5D7E /* UIImage+Alpha.m */; };
		8688947A1CB267F5001F5D7E /* UIImage+Resize.m in Sources */ = {isa = PBXBuildFile; fileRef = 868894761CB267F5001F5D7E /* UIImage+Resize.m */; };
		8688947B1CB267F5001F5D7E /* UIImage+RoundedCorner.m in Sources */ = {isa = PBXBuildFile; fileRef = 868894781CB267F5001F5D7E /* UIImage+RoundedCorner.m */; };
/* End PBXBuildFile section */

/* Begin PBXContainerItemProxy section */
		860982F61CB13B0700D35DA5 /* PBXContainerItemProxy */ = {
			isa = PBXContainerItemProxy;
			containerPortal = 860982D41CB13B0700D35DA5 /* Project object */;
			proxyType = 1;
			remoteGlobalIDString = 860982DB1CB13B0700D35DA5;
			remoteInfo = GooglyPuff;
		};
		860983011CB13B0700D35DA5 /* PBXContainerItemProxy */ = {
			isa = PBXContainerItemProxy;
			containerPortal = 860982D41CB13B0700D35DA5 /* Project object */;
			proxyType = 1;
			remoteGlobalIDString = 860982DB1CB13B0700D35DA5;
			remoteInfo = GooglyPuff;
		};
/* End PBXContainerItemProxy section */

/* Begin PBXFileReference section */
		860982DC1CB13B0700D35DA5 /* GooglyPuff.app */ = {isa = PBXFileReference; explicitFileType = wrapper.application; includeInIndex = 0; path = GooglyPuff.app; sourceTree = BUILT_PRODUCTS_DIR; };
		860982E01CB13B0700D35DA5 /* main.m */ = {isa = PBXFileReference; lastKnownFileType = sourcecode.c.objc; path = main.m; sourceTree = "<group>"; };
		860982E21CB13B0700D35DA5 /* AppDelegate.h */ = {isa = PBXFileReference; lastKnownFileType = sourcecode.c.h; path = AppDelegate.h; sourceTree = "<group>"; };
		860982E31CB13B0700D35DA5 /* AppDelegate.m */ = {isa = PBXFileReference; lastKnownFileType = sourcecode.c.objc; path = AppDelegate.m; sourceTree = "<group>"; };
		860982E91CB13B0700D35DA5 /* Base */ = {isa = PBXFileReference; lastKnownFileType = file.storyboard; name = Base; path = Base.lproj/Main.storyboard; sourceTree = "<group>"; };
		860982EB1CB13B0700D35DA5 /* Assets.xcassets */ = {isa = PBXFileReference; lastKnownFileType = folder.assetcatalog; path = Assets.xcassets; sourceTree = "<group>"; };
		860982EE1CB13B0700D35DA5 /* Base */ = {isa = PBXFileReference; lastKnownFileType = file.storyboard; name = Base; path = Base.lproj/LaunchScreen.storyboard; sourceTree = "<group>"; };
		860982F01CB13B0700D35DA5 /* Info.plist */ = {isa = PBXFileReference; lastKnownFileType = text.plist.xml; path = Info.plist; sourceTree = "<group>"; };
		860982F51CB13B0700D35DA5 /* GooglyPuffTests.xctest */ = {isa = PBXFileReference; explicitFileType = wrapper.cfbundle; includeInIndex = 0; path = GooglyPuffTests.xctest; sourceTree = BUILT_PRODUCTS_DIR; };
		860982F91CB13B0700D35DA5 /* GooglyPuffTests.m */ = {isa = PBXFileReference; lastKnownFileType = sourcecode.c.objc; path = GooglyPuffTests.m; sourceTree = "<group>"; };
		860982FB1CB13B0700D35DA5 /* Info.plist */ = {isa = PBXFileReference; lastKnownFileType = text.plist.xml; path = Info.plist; sourceTree = "<group>"; };
		860983001CB13B0700D35DA5 /* GooglyPuffUITests.xctest */ = {isa = PBXFileReference; explicitFileType = wrapper.cfbundle; includeInIndex = 0; path = GooglyPuffUITests.xctest; sourceTree = BUILT_PRODUCTS_DIR; };
		860983041CB13B0700D35DA5 /* GooglyPuffUITests.m */ = {isa = PBXFileReference; lastKnownFileType = sourcecode.c.objc; path = GooglyPuffUITests.m; sourceTree = "<group>"; };
		860983061CB13B0700D35DA5 /* Info.plist */ = {isa = PBXFileReference; lastKnownFileType = text.plist.xml; path = Info.plist; sourceTree = "<group>"; };
		860983141CB13BA400D35DA5 /* PhotoManager.h */ = {isa = PBXFileReference; fileEncoding = 4; lastKnownFileType = sourcecode.c.h; path = PhotoManager.h; sourceTree = "<group>"; };
		860983151CB13BA400D35DA5 /* PhotoManager.m */ = {isa = PBXFileReference; fileEncoding = 4; lastKnownFileType = sourcecode.c.objc; path = PhotoManager.m; sourceTree = "<group>"; };
		860983161CB13BA400D35DA5 /* Photo.h */ = {isa = PBXFileReference; fileEncoding = 4; lastKnownFileType = sourcecode.c.h; path = Photo.h; sourceTree = "<group>"; };
		860983171CB13BA400D35DA5 /* Photo.m */ = {isa = PBXFileReference; fileEncoding = 4; lastKnownFileType = sourcecode.c.objc; path = Photo.m; sourceTree = "<group>"; };
		8609831A1CB13BCA00D35DA5 /* PhotoCollectionViewController.h */ = {isa = PBXFileReference; fileEncoding = 4; lastKnownFileType = sourcecode.c.h; path = PhotoCollectionViewController.h; sourceTree = "<group>"; };
		8609831B1CB13BCA00D35DA5 /* PhotoCollectionViewController.m */ = {isa = PBXFileReference; fileEncoding = 4; lastKnownFileType = sourcecode.c.objc; path = PhotoCollectionViewController.m; sourceTree = "<group>"; };
		8609831C1CB13BCA00D35DA5 /* PhotoDetailViewController.h */ = {isa = PBXFileReference; fileEncoding = 4; lastKnownFileType = sourcecode.c.h; path = PhotoDetailViewController.h; sourceTree = "<group>"; };
		8609831D1CB13BCA00D35DA5 /* PhotoDetailViewController.m */ = {isa = PBXFileReference; fileEncoding = 4; lastKnownFileType = sourcecode.c.objc; path = PhotoDetailViewController.m; sourceTree = "<group>"; };
		860983201CB13C6B00D35DA5 /* photoDownloadError.png */ = {isa = PBXFileReference; lastKnownFileType = image.png; path = photoDownloadError.png; sourceTree = "<group>"; };
		860983211CB13C6B00D35DA5 /* photoDownloading.png */ = {isa = PBXFileReference; lastKnownFileType = image.png; path = photoDownloading.png; sourceTree = "<group>"; };
		860983221CB13C6B00D35DA5 /* background.png */ = {isa = PBXFileReference; lastKnownFileType = image.png; path = background.png; sourceTree = "<group>"; };
		860983231CB13C6B00D35DA5 /* background@2x.png */ = {isa = PBXFileReference; lastKnownFileType = image.png; path = "background@2x.png"; sourceTree = "<group>"; };
		860983241CB13C6B00D35DA5 /* background@2x~ipad.png */ = {isa = PBXFileReference; lastKnownFileType = image.png; path = "background@2x~ipad.png"; sourceTree = "<group>"; };
		860983251CB13C6B00D35DA5 /* background~ipad.png */ = {isa = PBXFileReference; lastKnownFileType = image.png; path = "background~ipad.png"; sourceTree = "<group>"; };
		860983261CB13C6B00D35DA5 /* Utils.h */ = {isa = PBXFileReference; fileEncoding = 4; lastKnownFileType = sourcecode.c.h; path = Utils.h; sourceTree = "<group>"; };
		860983271CB13C6B00D35DA5 /* Utils.m */ = {isa = PBXFileReference; fileEncoding = 4; lastKnownFileType = sourcecode.c.objc; path = Utils.m; sourceTree = "<group>"; };
		860983561CB13D2C00D35DA5 /* GooglyPuff-Prefix.pch */ = {isa = PBXFileReference; lastKnownFileType = sourcecode.c.h; path = "GooglyPuff-Prefix.pch"; sourceTree = "<group>"; };
		868894561CB2678C001F5D7E /* ELCAlbumPickerController.h */ = {isa = PBXFileReference; fileEncoding = 4; lastKnownFileType = sourcecode.c.h; path = ELCAlbumPickerController.h; sourceTree = "<group>"; };
		868894571CB2678C001F5D7E /* ELCAlbumPickerController.m */ = {isa = PBXFileReference; fileEncoding = 4; lastKnownFileType = sourcecode.c.objc; path = ELCAlbumPickerController.m; sourceTree = "<group>"; };
		868894581CB2678C001F5D7E /* ELCAsset.h */ = {isa = PBXFileReference; fileEncoding = 4; lastKnownFileType = sourcecode.c.h; path = ELCAsset.h; sourceTree = "<group>"; };
		868894591CB2678C001F5D7E /* ELCAsset.m */ = {isa = PBXFileReference; fileEncoding = 4; lastKnownFileType = sourcecode.c.objc; path = ELCAsset.m; sourceTree = "<group>"; };
		8688945A1CB2678C001F5D7E /* ELCAssetCell.h */ = {isa = PBXFileReference; fileEncoding = 4; lastKnownFileType = sourcecode.c.h; path = ELCAssetCell.h; sourceTree = "<group>"; };
		8688945B1CB2678C001F5D7E /* ELCAssetCell.m */ = {isa = PBXFileReference; fileEncoding = 4; lastKnownFileType = sourcecode.c.objc; path = ELCAssetCell.m; sourceTree = "<group>"; };
		8688945C1CB2678C001F5D7E /* ELCAssetPickerFilterDelegate.h */ = {isa = PBXFileReference; fileEncoding = 4; lastKnownFileType = sourcecode.c.h; path = ELCAssetPickerFilterDelegate.h; sourceTree = "<group>"; };
		8688945D1CB2678C001F5D7E /* ELCAssetSelectionDelegate.h */ = {isa = PBXFileReference; fileEncoding = 4; lastKnownFileType = sourcecode.c.h; path = ELCAssetSelectionDelegate.h; sourceTree = "<group>"; };
		8688945E1CB2678C001F5D7E /* ELCAssetTablePicker.h */ = {isa = PBXFileReference; fileEncoding = 4; lastKnownFileType = sourcecode.c.h; path = ELCAssetTablePicker.h; sourceTree = "<group>"; };
		8688945F1CB2678C001F5D7E /* ELCAssetTablePicker.m */ = {isa = PBXFileReference; fileEncoding = 4; lastKnownFileType = sourcecode.c.objc; path = ELCAssetTablePicker.m; sourceTree = "<group>"; };
		868894601CB2678C001F5D7E /* ELCImagePickerController.h */ = {isa = PBXFileReference; fileEncoding = 4; lastKnownFileType = sourcecode.c.h; path = ELCImagePickerController.h; sourceTree = "<group>"; };
		868894611CB2678C001F5D7E /* ELCImagePickerController.m */ = {isa = PBXFileReference; fileEncoding = 4; lastKnownFileType = sourcecode.c.objc; path = ELCImagePickerController.m; sourceTree = "<group>"; };
		868894631CB2678C001F5D7E /* ELCAlbumPickerController.xib */ = {isa = PBXFileReference; fileEncoding = 4; lastKnownFileType = file.xib; path = ELCAlbumPickerController.xib; sourceTree = "<group>"; };
		868894641CB2678C001F5D7E /* ELCAssetPicker.xib */ = {isa = PBXFileReference; fileEncoding = 4; lastKnownFileType = file.xib; path = ELCAssetPicker.xib; sourceTree = "<group>"; };
		868894651CB2678C001F5D7E /* ELCAssetTablePicker.xib */ = {isa = PBXFileReference; fileEncoding = 4; lastKnownFileType = file.xib; path = ELCAssetTablePicker.xib; sourceTree = "<group>"; };
		868894661CB2678C001F5D7E /* Overlay.png */ = {isa = PBXFileReference; lastKnownFileType = image.png; path = Overlay.png; sourceTree = "<group>"; };
		868894671CB2678C001F5D7E /* Overlay@2x.png */ = {isa = PBXFileReference; lastKnownFileType = image.png; path = "Overlay@2x.png"; sourceTree = "<group>"; };
		868894731CB267F5001F5D7E /* UIImage+Alpha.h */ = {isa = PBXFileReference; fileEncoding = 4; lastKnownFileType = sourcecode.c.h; path = "UIImage+Alpha.h"; sourceTree = "<group>"; };
		868894741CB267F5001F5D7E /* UIImage+Alpha.m */ = {isa = PBXFileReference; fileEncoding = 4; lastKnownFileType = sourcecode.c.objc; path = "UIImage+Alpha.m"; sourceTree = "<group>"; };
		868894751CB267F5001F5D7E /* UIImage+Resize.h */ = {isa = PBXFileReference; fileEncoding = 4; lastKnownFileType = sourcecode.c.h; path = "UIImage+Resize.h"; sourceTree = "<group>"; };
		868894761CB267F5001F5D7E /* UIImage+Resize.m */ = {isa = PBXFileReference; fileEncoding = 4; lastKnownFileType = sourcecode.c.objc; path = "UIImage+Resize.m"; sourceTree = "<group>"; };
		868894771CB267F5001F5D7E /* UIImage+RoundedCorner.h */ = {isa = PBXFileReference; fileEncoding = 4; lastKnownFileType = sourcecode.c.h; path = "UIImage+RoundedCorner.h"; sourceTree = "<group>"; };
		868894781CB267F5001F5D7E /* UIImage+RoundedCorner.m */ = {isa = PBXFileReference; fileEncoding = 4; lastKnownFileType = sourcecode.c.objc; path = "UIImage+RoundedCorner.m"; sourceTree = "<group>"; };
/* End PBXFileReference section */

/* Begin PBXFrameworksBuildPhase section */
		860982D91CB13B0700D35DA5 /* Frameworks */ = {
			isa = PBXFrameworksBuildPhase;
			buildActionMask = 2147483647;
			files = (
			);
			runOnlyForDeploymentPostprocessing = 0;
		};
		860982F21CB13B0700D35DA5 /* Frameworks */ = {
			isa = PBXFrameworksBuildPhase;
			buildActionMask = 2147483647;
			files = (
			);
			runOnlyForDeploymentPostprocessing = 0;
		};
		860982FD1CB13B0700D35DA5 /* Frameworks */ = {
			isa = PBXFrameworksBuildPhase;
			buildActionMask = 2147483647;
			files = (
			);
			runOnlyForDeploymentPostprocessing = 0;
		};
/* End PBXFrameworksBuildPhase section */

/* Begin PBXGroup section */
		860982D31CB13B0700D35DA5 = {
			isa = PBXGroup;
			children = (
				860982DE1CB13B0700D35DA5 /* GooglyPuff */,
				860982F81CB13B0700D35DA5 /* GooglyPuffTests */,
				860983031CB13B0700D35DA5 /* GooglyPuffUITests */,
				860982DD1CB13B0700D35DA5 /* Products */,
			);
			sourceTree = "<group>";
		};
		860982DD1CB13B0700D35DA5 /* Products */ = {
			isa = PBXGroup;
			children = (
				860982DC1CB13B0700D35DA5 /* GooglyPuff.app */,
				860982F51CB13B0700D35DA5 /* GooglyPuffTests.xctest */,
				860983001CB13B0700D35DA5 /* GooglyPuffUITests.xctest */,
			);
			name = Products;
			sourceTree = "<group>";
		};
		860982DE1CB13B0700D35DA5 /* GooglyPuff */ = {
			isa = PBXGroup;
			children = (
				860982E21CB13B0700D35DA5 /* AppDelegate.h */,
				860982E31CB13B0700D35DA5 /* AppDelegate.m */,
				8609831A1CB13BCA00D35DA5 /* PhotoCollectionViewController.h */,
				8609831B1CB13BCA00D35DA5 /* PhotoCollectionViewController.m */,
				8609831C1CB13BCA00D35DA5 /* PhotoDetailViewController.h */,
				8609831D1CB13BCA00D35DA5 /* PhotoDetailViewController.m */,
				860983121CB13B1500D35DA5 /* Photo Management */,
				860983131CB13B4600D35DA5 /* Storyboards */,
				860982EB1CB13B0700D35DA5 /* Assets.xcassets */,
				860982DF1CB13B0700D35DA5 /* Supporting Files */,
			);
			path = GooglyPuff;
			sourceTree = "<group>";
		};
		860982DF1CB13B0700D35DA5 /* Supporting Files */ = {
			isa = PBXGroup;
			children = (
				868894721CB267B9001F5D7E /* UIImage Categories */,
				860983201CB13C6B00D35DA5 /* photoDownloadError.png */,
				860983211CB13C6B00D35DA5 /* photoDownloading.png */,
				860983221CB13C6B00D35DA5 /* background.png */,
				868894551CB2678C001F5D7E /* ELCImagePicker */,
				860983231CB13C6B00D35DA5 /* background@2x.png */,
				860983241CB13C6B00D35DA5 /* background@2x~ipad.png */,
				860983251CB13C6B00D35DA5 /* background~ipad.png */,
				860983261CB13C6B00D35DA5 /* Utils.h */,
				860983271CB13C6B00D35DA5 /* Utils.m */,
				860982F01CB13B0700D35DA5 /* Info.plist */,
				860982E01CB13B0700D35DA5 /* main.m */,
				860983561CB13D2C00D35DA5 /* GooglyPuff-Prefix.pch */,
			);
			name = "Supporting Files";
			sourceTree = "<group>";
		};
		860982F81CB13B0700D35DA5 /* GooglyPuffTests */ = {
			isa = PBXGroup;
			children = (
				860982F91CB13B0700D35DA5 /* GooglyPuffTests.m */,
				860982FB1CB13B0700D35DA5 /* Info.plist */,
			);
			path = GooglyPuffTests;
			sourceTree = "<group>";
		};
		860983031CB13B0700D35DA5 /* GooglyPuffUITests */ = {
			isa = PBXGroup;
			children = (
				860983041CB13B0700D35DA5 /* GooglyPuffUITests.m */,
				860983061CB13B0700D35DA5 /* Info.plist */,
			);
			path = GooglyPuffUITests;
			sourceTree = "<group>";
		};
		860983121CB13B1500D35DA5 /* Photo Management */ = {
			isa = PBXGroup;
			children = (
				860983141CB13BA400D35DA5 /* PhotoManager.h */,
				860983151CB13BA400D35DA5 /* PhotoManager.m */,
				860983161CB13BA400D35DA5 /* Photo.h */,
				860983171CB13BA400D35DA5 /* Photo.m */,
			);
			name = "Photo Management";
			sourceTree = "<group>";
		};
		860983131CB13B4600D35DA5 /* Storyboards */ = {
			isa = PBXGroup;
			children = (
				860982E81CB13B0700D35DA5 /* Main.storyboard */,
				860982ED1CB13B0700D35DA5 /* LaunchScreen.storyboard */,
			);
			name = Storyboards;
			sourceTree = "<group>";
		};
		868894551CB2678C001F5D7E /* ELCImagePicker */ = {
			isa = PBXGroup;
			children = (
				868894561CB2678C001F5D7E /* ELCAlbumPickerController.h */,
				868894571CB2678C001F5D7E /* ELCAlbumPickerController.m */,
				868894581CB2678C001F5D7E /* ELCAsset.h */,
				868894591CB2678C001F5D7E /* ELCAsset.m */,
				8688945A1CB2678C001F5D7E /* ELCAssetCell.h */,
				8688945B1CB2678C001F5D7E /* ELCAssetCell.m */,
				8688945C1CB2678C001F5D7E /* ELCAssetPickerFilterDelegate.h */,
				8688945D1CB2678C001F5D7E /* ELCAssetSelectionDelegate.h */,
				8688945E1CB2678C001F5D7E /* ELCAssetTablePicker.h */,
				8688945F1CB2678C001F5D7E /* ELCAssetTablePicker.m */,
				868894601CB2678C001F5D7E /* ELCImagePickerController.h */,
				868894611CB2678C001F5D7E /* ELCImagePickerController.m */,
				868894621CB2678C001F5D7E /* Resources */,
			);
			path = ELCImagePicker;
			sourceTree = "<group>";
		};
		868894621CB2678C001F5D7E /* Resources */ = {
			isa = PBXGroup;
			children = (
				868894631CB2678C001F5D7E /* ELCAlbumPickerController.xib */,
				868894641CB2678C001F5D7E /* ELCAssetPicker.xib */,
				868894651CB2678C001F5D7E /* ELCAssetTablePicker.xib */,
				868894661CB2678C001F5D7E /* Overlay.png */,
				868894671CB2678C001F5D7E /* Overlay@2x.png */,
			);
			path = Resources;
			sourceTree = "<group>";
		};
		868894721CB267B9001F5D7E /* UIImage Categories */ = {
			isa = PBXGroup;
			children = (
				868894731CB267F5001F5D7E /* UIImage+Alpha.h */,
				868894741CB267F5001F5D7E /* UIImage+Alpha.m */,
				868894751CB267F5001F5D7E /* UIImage+Resize.h */,
				868894761CB267F5001F5D7E /* UIImage+Resize.m */,
				868894771CB267F5001F5D7E /* UIImage+RoundedCorner.h */,
				868894781CB267F5001F5D7E /* UIImage+RoundedCorner.m */,
			);
			name = "UIImage Categories";
			sourceTree = "<group>";
		};
/* End PBXGroup section */

/* Begin PBXNativeTarget section */
		860982DB1CB13B0700D35DA5 /* GooglyPuff */ = {
			isa = PBXNativeTarget;
			buildConfigurationList = 860983091CB13B0700D35DA5 /* Build configuration list for PBXNativeTarget "GooglyPuff" */;
			buildPhases = (
				860982D81CB13B0700D35DA5 /* Sources */,
				860982D91CB13B0700D35DA5 /* Frameworks */,
				860982DA1CB13B0700D35DA5 /* Resources */,
			);
			buildRules = (
			);
			dependencies = (
			);
			name = GooglyPuff;
			productName = GooglyPuff;
			productReference = 860982DC1CB13B0700D35DA5 /* GooglyPuff.app */;
			productType = "com.apple.product-type.application";
		};
		860982F41CB13B0700D35DA5 /* GooglyPuffTests */ = {
			isa = PBXNativeTarget;
			buildConfigurationList = 8609830C1CB13B0700D35DA5 /* Build configuration list for PBXNativeTarget "GooglyPuffTests" */;
			buildPhases = (
				860982F11CB13B0700D35DA5 /* Sources */,
				860982F21CB13B0700D35DA5 /* Frameworks */,
				860982F31CB13B0700D35DA5 /* Resources */,
			);
			buildRules = (
			);
			dependencies = (
				860982F71CB13B0700D35DA5 /* PBXTargetDependency */,
			);
			name = GooglyPuffTests;
			productName = GooglyPuffTests;
			productReference = 860982F51CB13B0700D35DA5 /* GooglyPuffTests.xctest */;
			productType = "com.apple.product-type.bundle.unit-test";
		};
		860982FF1CB13B0700D35DA5 /* GooglyPuffUITests */ = {
			isa = PBXNativeTarget;
			buildConfigurationList = 8609830F1CB13B0700D35DA5 /* Build configuration list for PBXNativeTarget "GooglyPuffUITests" */;
			buildPhases = (
				860982FC1CB13B0700D35DA5 /* Sources */,
				860982FD1CB13B0700D35DA5 /* Frameworks */,
				860982FE1CB13B0700D35DA5 /* Resources */,
			);
			buildRules = (
			);
			dependencies = (
				860983021CB13B0700D35DA5 /* PBXTargetDependency */,
			);
			name = GooglyPuffUITests;
			productName = GooglyPuffUITests;
			productReference = 860983001CB13B0700D35DA5 /* GooglyPuffUITests.xctest */;
			productType = "com.apple.product-type.bundle.ui-testing";
		};
/* End PBXNativeTarget section */

/* Begin PBXProject section */
		860982D41CB13B0700D35DA5 /* Project object */ = {
			isa = PBXProject;
			attributes = {
				LastUpgradeCheck = 0720;
				ORGANIZATIONNAME = ycpjobs;
				TargetAttributes = {
					860982DB1CB13B0700D35DA5 = {
						CreatedOnToolsVersion = 7.2;
					};
					860982F41CB13B0700D35DA5 = {
						CreatedOnToolsVersion = 7.2;
						TestTargetID = 860982DB1CB13B0700D35DA5;
					};
					860982FF1CB13B0700D35DA5 = {
						CreatedOnToolsVersion = 7.2;
						TestTargetID = 860982DB1CB13B0700D35DA5;
					};
				};
			};
			buildConfigurationList = 860982D71CB13B0700D35DA5 /* Build configuration list for PBXProject "GooglyPuff" */;
			compatibilityVersion = "Xcode 3.2";
			developmentRegion = English;
			hasScannedForEncodings = 0;
			knownRegions = (
				en,
				Base,
			);
			mainGroup = 860982D31CB13B0700D35DA5;
			productRefGroup = 860982DD1CB13B0700D35DA5 /* Products */;
			projectDirPath = "";
			projectRoot = "";
			targets = (
				860982DB1CB13B0700D35DA5 /* GooglyPuff */,
				860982F41CB13B0700D35DA5 /* GooglyPuffTests */,
				860982FF1CB13B0700D35DA5 /* GooglyPuffUITests */,
			);
		};
/* End PBXProject section */

/* Begin PBXResourcesBuildPhase section */
		860982DA1CB13B0700D35DA5 /* Resources */ = {
			isa = PBXResourcesBuildPhase;
			buildActionMask = 2147483647;
			files = (
				8688946E1CB2678C001F5D7E /* ELCAssetPicker.xib in Resources */,
				8688946D1CB2678C001F5D7E /* ELCAlbumPickerController.xib in Resources */,
				860982EF1CB13B0700D35DA5 /* LaunchScreen.storyboard in Resources */,
				8609832A1CB13C6B00D35DA5 /* background.png in Resources */,
				8609832D1CB13C6B00D35DA5 /* background~ipad.png in Resources */,
				868894711CB2678C001F5D7E /* Overlay@2x.png in Resources */,
				860983281CB13C6B00D35DA5 /* photoDownloadError.png in Resources */,
				8688946F1CB2678C001F5D7E /* ELCAssetTablePicker.xib in Resources */,
				8609832B1CB13C6B00D35DA5 /* background@2x.png in Resources */,
				860982EC1CB13B0700D35DA5 /* Assets.xcassets in Resources */,
				860982EA1CB13B0700D35DA5 /* Main.storyboard in Resources */,
				868894701CB2678C001F5D7E /* Overlay.png in Resources */,
				860983291CB13C6B00D35DA5 /* photoDownloading.png in Resources */,
				8609832C1CB13C6B00D35DA5 /* background@2x~ipad.png in Resources */,
			);
			runOnlyForDeploymentPostprocessing = 0;
		};
		860982F31CB13B0700D35DA5 /* Resources */ = {
			isa = PBXResourcesBuildPhase;
			buildActionMask = 2147483647;
			files = (
			);
			runOnlyForDeploymentPostprocessing = 0;
		};
		860982FE1CB13B0700D35DA5 /* Resources */ = {
			isa = PBXResourcesBuildPhase;
			buildActionMask = 2147483647;
			files = (
			);
			runOnlyForDeploymentPostprocessing = 0;
		};
/* End PBXResourcesBuildPhase section */

/* Begin PBXSourcesBuildPhase section */
		860982D81CB13B0700D35DA5 /* Sources */ = {
			isa = PBXSourcesBuildPhase;
			buildActionMask = 2147483647;
			files = (
				860982E41CB13B0700D35DA5 /* AppDelegate.m in Sources */,
				8688947B1CB267F5001F5D7E /* UIImage+RoundedCorner.m in Sources */,
				868894691CB2678C001F5D7E /* ELCAsset.m in Sources */,
				8688946C1CB2678C001F5D7E /* ELCImagePickerController.m in Sources */,
				860983181CB13BA400D35DA5 /* PhotoManager.m in Sources */,
				8609831E1CB13BCA00D35DA5 /* PhotoCollectionViewController.m in Sources */,
				860983191CB13BA400D35DA5 /* Photo.m in Sources */,
				8688946A1CB2678C001F5D7E /* ELCAssetCell.m in Sources */,
				868894681CB2678C001F5D7E /* ELCAlbumPickerController.m in Sources */,
				860982E11CB13B0700D35DA5 /* main.m in Sources */,
				8609832E1CB13C6B00D35DA5 /* Utils.m in Sources */,
				8609831F1CB13BCA00D35DA5 /* PhotoDetailViewController.m in Sources */,
				8688946B1CB2678C001F5D7E /* ELCAssetTablePicker.m in Sources */,
				868894791CB267F5001F5D7E /* UIImage+Alpha.m in Sources */,
				8688947A1CB267F5001F5D7E /* UIImage+Resize.m in Sources */,
			);
			runOnlyForDeploymentPostprocessing = 0;
		};
		860982F11CB13B0700D35DA5 /* Sources */ = {
			isa = PBXSourcesBuildPhase;
			buildActionMask = 2147483647;
			files = (
				860982FA1CB13B0700D35DA5 /* GooglyPuffTests.m in Sources */,
			);
			runOnlyForDeploymentPostprocessing = 0;
		};
		860982FC1CB13B0700D35DA5 /* Sources */ = {
			isa = PBXSourcesBuildPhase;
			buildActionMask = 2147483647;
			files = (
				860983051CB13B0700D35DA5 /* GooglyPuffUITests.m in Sources */,
			);
			runOnlyForDeploymentPostprocessing = 0;
		};
/* End PBXSourcesBuildPhase section */

/* Begin PBXTargetDependency section */
		860982F71CB13B0700D35DA5 /* PBXTargetDependency */ = {
			isa = PBXTargetDependency;
			target = 860982DB1CB13B0700D35DA5 /* GooglyPuff */;
			targetProxy = 860982F61CB13B0700D35DA5 /* PBXContainerItemProxy */;
		};
		860983021CB13B0700D35DA5 /* PBXTargetDependency */ = {
			isa = PBXTargetDependency;
			target = 860982DB1CB13B0700D35DA5 /* GooglyPuff */;
			targetProxy = 860983011CB13B0700D35DA5 /* PBXContainerItemProxy */;
		};
/* End PBXTargetDependency section */

/* Begin PBXVariantGroup section */
		860982E81CB13B0700D35DA5 /* Main.storyboard */ = {
			isa = PBXVariantGroup;
			children = (
				860982E91CB13B0700D35DA5 /* Base */,
			);
			name = Main.storyboard;
			sourceTree = "<group>";
		};
		860982ED1CB13B0700D35DA5 /* LaunchScreen.storyboard */ = {
			isa = PBXVariantGroup;
			children = (
				860982EE1CB13B0700D35DA5 /* Base */,
			);
			name = LaunchScreen.storyboard;
			sourceTree = "<group>";
		};
/* End PBXVariantGroup section */

/* Begin XCBuildConfiguration section */
		860983071CB13B0700D35DA5 /* Debug */ = {
			isa = XCBuildConfiguration;
			buildSettings = {
				ALWAYS_SEARCH_USER_PATHS = NO;
				CLANG_CXX_LANGUAGE_STANDARD = "gnu++0x";
				CLANG_CXX_LIBRARY = "libc++";
				CLANG_ENABLE_MODULES = YES;
				CLANG_ENABLE_OBJC_ARC = YES;
				CLANG_WARN_BOOL_CONVERSION = YES;
				CLANG_WARN_CONSTANT_CONVERSION = YES;
				CLANG_WARN_DIRECT_OBJC_ISA_USAGE = YES_ERROR;
				CLANG_WARN_EMPTY_BODY = YES;
				CLANG_WARN_ENUM_CONVERSION = YES;
				CLANG_WARN_INT_CONVERSION = YES;
				CLANG_WARN_OBJC_ROOT_CLASS = YES_ERROR;
				CLANG_WARN_UNREACHABLE_CODE = YES;
				CLANG_WARN__DUPLICATE_METHOD_MATCH = YES;
				"CODE_SIGN_IDENTITY[sdk=iphoneos*]" = "iPhone Developer";
				COPY_PHASE_STRIP = NO;
				DEBUG_INFORMATION_FORMAT = dwarf;
				ENABLE_STRICT_OBJC_MSGSEND = YES;
				ENABLE_TESTABILITY = YES;
				GCC_C_LANGUAGE_STANDARD = gnu99;
				GCC_DYNAMIC_NO_PIC = NO;
				GCC_NO_COMMON_BLOCKS = YES;
				GCC_OPTIMIZATION_LEVEL = 0;
				GCC_PREPROCESSOR_DEFINITIONS = (
					"DEBUG=1",
					"$(inherited)",
				);
				GCC_WARN_64_TO_32_BIT_CONVERSION = YES;
				GCC_WARN_ABOUT_RETURN_TYPE = YES_ERROR;
				GCC_WARN_UNDECLARED_SELECTOR = YES;
				GCC_WARN_UNINITIALIZED_AUTOS = YES_AGGRESSIVE;
				GCC_WARN_UNUSED_FUNCTION = YES;
				GCC_WARN_UNUSED_VARIABLE = YES;
				IPHONEOS_DEPLOYMENT_TARGET = 9.2;
				MTL_ENABLE_DEBUG_INFO = YES;
				ONLY_ACTIVE_ARCH = YES;
				SDKROOT = iphoneos;
				TARGETED_DEVICE_FAMILY = "1,2";
			};
			name = Debug;
		};
		860983081CB13B0700D35DA5 /* Release */ = {
			isa = XCBuildConfiguration;
			buildSettings = {
				ALWAYS_SEARCH_USER_PATHS = NO;
				CLANG_CXX_LANGUAGE_STANDARD = "gnu++0x";
				CLANG_CXX_LIBRARY = "libc++";
				CLANG_ENABLE_MODULES = YES;
				CLANG_ENABLE_OBJC_ARC = YES;
				CLANG_WARN_BOOL_CONVERSION = YES;
				CLANG_WARN_CONSTANT_CONVERSION = YES;
				CLANG_WARN_DIRECT_OBJC_ISA_USAGE = YES_ERROR;
				CLANG_WARN_EMPTY_BODY = YES;
				CLANG_WARN_ENUM_CONVERSION = YES;
				CLANG_WARN_INT_CONVERSION = YES;
				CLANG_WARN_OBJC_ROOT_CLASS = YES_ERROR;
				CLANG_WARN_UNREACHABLE_CODE = YES;
				CLANG_WARN__DUPLICATE_METHOD_MATCH = YES;
				"CODE_SIGN_IDENTITY[sdk=iphoneos*]" = "iPhone Developer";
				COPY_PHASE_STRIP = NO;
				DEBUG_INFORMATION_FORMAT = "dwarf-with-dsym";
				ENABLE_NS_ASSERTIONS = NO;
				ENABLE_STRICT_OBJC_MSGSEND = YES;
				GCC_C_LANGUAGE_STANDARD = gnu99;
				GCC_NO_COMMON_BLOCKS = YES;
				GCC_WARN_64_TO_32_BIT_CONVERSION = YES;
				GCC_WARN_ABOUT_RETURN_TYPE = YES_ERROR;
				GCC_WARN_UNDECLARED_SELECTOR = YES;
				GCC_WARN_UNINITIALIZED_AUTOS = YES_AGGRESSIVE;
				GCC_WARN_UNUSED_FUNCTION = YES;
				GCC_WARN_UNUSED_VARIABLE = YES;
				IPHONEOS_DEPLOYMENT_TARGET = 9.2;
				MTL_ENABLE_DEBUG_INFO = NO;
				SDKROOT = iphoneos;
				TARGETED_DEVICE_FAMILY = "1,2";
				VALIDATE_PRODUCT = YES;
			};
			name = Release;
		};
		8609830A1CB13B0700D35DA5 /* Debug */ = {
			isa = XCBuildConfiguration;
			buildSettings = {
				ASSETCATALOG_COMPILER_APPICON_NAME = AppIcon;
				GCC_PREFIX_HEADER = "/Users/ycpjobs/Documents/Swift/GooglyPuff/GooglyPuff/GooglyPuff-Prefix.pch";
				INFOPLIST_FILE = GooglyPuff/Info.plist;
				LD_RUNPATH_SEARCH_PATHS = "$(inherited) @executable_path/Frameworks";
				PRODUCT_BUNDLE_IDENTIFIER = com.jobsycp.GooglyPuff;
				PRODUCT_NAME = "$(TARGET_NAME)";
			};
			name = Debug;
		};
		8609830B1CB13B0700D35DA5 /* Release */ = {
			isa = XCBuildConfiguration;
			buildSettings = {
				ASSETCATALOG_COMPILER_APPICON_NAME = AppIcon;
				GCC_PREFIX_HEADER = "/Users/ycpjobs/Documents/Swift/GooglyPuff/GooglyPuff/GooglyPuff-Prefix.pch";
				INFOPLIST_FILE = GooglyPuff/Info.plist;
				LD_RUNPATH_SEARCH_PATHS = "$(inherited) @executable_path/Frameworks";
				PRODUCT_BUNDLE_IDENTIFIER = com.jobsycp.GooglyPuff;
				PRODUCT_NAME = "$(TARGET_NAME)";
			};
			name = Release;
		};
		8609830D1CB13B0700D35DA5 /* Debug */ = {
			isa = XCBuildConfiguration;
			buildSettings = {
				BUNDLE_LOADER = "$(TEST_HOST)";
				INFOPLIST_FILE = GooglyPuffTests/Info.plist;
				LD_RUNPATH_SEARCH_PATHS = "$(inherited) @executable_path/Frameworks @loader_path/Frameworks";
				PRODUCT_BUNDLE_IDENTIFIER = com.jobsycp.GooglyPuffTests;
				PRODUCT_NAME = "$(TARGET_NAME)";
				TEST_HOST = "$(BUILT_PRODUCTS_DIR)/GooglyPuff.app/GooglyPuff";
			};
			name = Debug;
		};
		8609830E1CB13B0700D35DA5 /* Release */ = {
			isa = XCBuildConfiguration;
			buildSettings = {
				BUNDLE_LOADER = "$(TEST_HOST)";
				INFOPLIST_FILE = GooglyPuffTests/Info.plist;
				LD_RUNPATH_SEARCH_PATHS = "$(inherited) @executable_path/Frameworks @loader_path/Frameworks";
				PRODUCT_BUNDLE_IDENTIFIER = com.jobsycp.GooglyPuffTests;
				PRODUCT_NAME = "$(TARGET_NAME)";
				TEST_HOST = "$(BUILT_PRODUCTS_DIR)/GooglyPuff.app/GooglyPuff";
			};
			name = Release;
		};
		860983101CB13B0700D35DA5 /* Debug */ = {
			isa = XCBuildConfiguration;
			buildSettings = {
				INFOPLIST_FILE = GooglyPuffUITests/Info.plist;
				LD_RUNPATH_SEARCH_PATHS = "$(inherited) @executable_path/Frameworks @loader_path/Frameworks";
				PRODUCT_BUNDLE_IDENTIFIER = com.jobsycp.GooglyPuffUITests;
				PRODUCT_NAME = "$(TARGET_NAME)";
				TEST_TARGET_NAME = GooglyPuff;
				USES_XCTRUNNER = YES;
			};
			name = Debug;
		};
		860983111CB13B0700D35DA5 /* Release */ = {
			isa = XCBuildConfiguration;
			buildSettings = {
				INFOPLIST_FILE = GooglyPuffUITests/Info.plist;
				LD_RUNPATH_SEARCH_PATHS = "$(inherited) @executable_path/Frameworks @loader_path/Frameworks";
				PRODUCT_BUNDLE_IDENTIFIER = com.jobsycp.GooglyPuffUITests;
				PRODUCT_NAME = "$(TARGET_NAME)";
				TEST_TARGET_NAME = GooglyPuff;
				USES_XCTRUNNER = YES;
			};
			name = Release;
		};
/* End XCBuildConfiguration section */

/* Begin XCConfigurationList section */
		860982D71CB13B0700D35DA5 /* Build configuration list for PBXProject "GooglyPuff" */ = {
			isa = XCConfigurationList;
			buildConfigurations = (
				860983071CB13B0700D35DA5 /* Debug */,
				860983081CB13B0700D35DA5 /* Release */,
			);
			defaultConfigurationIsVisible = 0;
			defaultConfigurationName = Release;
		};
		860983091CB13B0700D35DA5 /* Build configuration list for PBXNativeTarget "GooglyPuff" */ = {
			isa = XCConfigurationList;
			buildConfigurations = (
				8609830A1CB13B0700D35DA5 /* Debug */,
				8609830B1CB13B0700D35DA5 /* Release */,
			);
			defaultConfigurationIsVisible = 0;
			defaultConfigurationName = Release;
		};
		8609830C1CB13B0700D35DA5 /* Build configuration list for PBXNativeTarget "GooglyPuffTests" */ = {
			isa = XCConfigurationList;
			buildConfigurations = (
				8609830D1CB13B0700D35DA5 /* Debug */,
				8609830E1CB13B0700D35DA5 /* Release */,
			);
			defaultConfigurationIsVisible = 0;
			defaultConfigurationName = Release;
		};
		8609830F1CB13B0700D35DA5 /* Build configuration list for PBXNativeTarget "GooglyPuffUITests" */ = {
			isa = XCConfigurationList;
			buildConfigurations = (
				860983101CB13B0700D35DA5 /* Debug */,
				860983111CB13B0700D35DA5 /* Release */,
			);
			defaultConfigurationIsVisible = 0;
			defaultConfigurationName = Release;
		};
/* End XCConfigurationList section */
	};
	rootObject = 860982D41CB13B0700D35DA5 /* Project object */;
}
